
Microsoft Visual Studio Solution File, Format Version 12.00
# Visual Studio Version 16
VisualStudioVersion = 16.0.32126.315
MinimumVisualStudioVersion = 10.0.40219.1
Project("{D954291E-2A0B-460D-934E-DC6B0785DB48}") = "HelloWorld.Shared", "HelloWorld.Shared\HelloWorld.Shared.shproj", "{6279C845-92F8-4333-AB99-3D213163593C}"
EndProject
Project("{2150E333-8FDC-42A3-9474-1A3956D46DE8}") = "Platforms", "Platforms", "{4462FA2E-BAE5-453A-8D9D-F6D87BF7BE25}"
EndProject
Project("{FAE04EC0-301F-11D3-BF4B-00C04F79EFBC}") = "HelloWorld.Droid", "HelloWorld.Droid\HelloWorld.Droid.csproj", "{E3EF47ED-1DE6-46B6-8B83-0BBACC87126B}"
EndProject
Project("{FAE04EC0-301F-11D3-BF4B-00C04F79EFBC}") = "HelloWorld.iOS", "HelloWorld.iOS\HelloWorld.iOS.csproj", "{86FC60C8-C68D-439C-8B0E-D72B87D1288E}"
EndProject
Project("{FAE04EC0-301F-11D3-BF4B-00C04F79EFBC}") = "HelloWorld.UWP", "HelloWorld.UWP\HelloWorld.UWP.csproj", "{08F7FD0C-40BA-4AF7-AD3B-79B7DFCE16D1}"
EndProject
Project("{FAE04EC0-301F-11D3-BF4B-00C04F79EFBC}") = "HelloWorld.Wasm", "HelloWorld.Wasm\HelloWorld.Wasm.csproj", "{18609AF7-82C5-497D-9885-E7AA53532AE5}"
EndProject
Project("{FAE04EC0-301F-11D3-BF4B-00C04F79EFBC}") = "HelloWorld.macOS", "HelloWorld.macOS\HelloWorld.macOS.csproj", "{069E421D-1F56-47AD-B37E-883A809120D5}"
EndProject
Global
	GlobalSection(SharedMSBuildProjectFiles) = preSolution
		HelloWorld.Shared\HelloWorld.Shared.projitems*{069e421d-1f56-47ad-b37e-883a809120d5}*SharedItemsImports = 4
		HelloWorld.Shared\HelloWorld.Shared.projitems*{08f7fd0c-40ba-4af7-ad3b-79b7dfce16d1}*SharedItemsImports = 4
		HelloWorld.Shared\HelloWorld.Shared.projitems*{18609af7-82c5-497d-9885-e7aa53532ae5}*SharedItemsImports = 5
		HelloWorld.Shared\HelloWorld.Shared.projitems*{6279c845-92f8-4333-ab99-3d213163593c}*SharedItemsImports = 13
		HelloWorld.Shared\HelloWorld.Shared.projitems*{86fc60c8-c68d-439c-8b0e-d72b87d1288e}*SharedItemsImports = 4
		HelloWorld.Shared\HelloWorld.Shared.projitems*{e3ef47ed-1de6-46b6-8b83-0bbacc87126b}*SharedItemsImports = 4
	EndGlobalSection
	GlobalSection(SolutionConfigurationPlatforms) = preSolution
		Ad-Hoc|Any CPU = Ad-Hoc|Any CPU
		Ad-Hoc|ARM = Ad-Hoc|ARM
		Ad-Hoc|ARM64 = Ad-Hoc|ARM64
		Ad-Hoc|iPhone = Ad-Hoc|iPhone
		Ad-Hoc|iPhoneSimulator = Ad-Hoc|iPhoneSimulator
		Ad-Hoc|x64 = Ad-Hoc|x64
		Ad-Hoc|x86 = Ad-Hoc|x86
		AppStore|Any CPU = AppStore|Any CPU
		AppStore|ARM = AppStore|ARM
		AppStore|ARM64 = AppStore|ARM64
		AppStore|iPhone = AppStore|iPhone
		AppStore|iPhoneSimulator = AppStore|iPhoneSimulator
		AppStore|x64 = AppStore|x64
		AppStore|x86 = AppStore|x86
		Debug|Any CPU = Debug|Any CPU
		Debug|ARM = Debug|ARM
		Debug|ARM64 = Debug|ARM64
		Debug|iPhone = Debug|iPhone
		Debug|iPhoneSimulator = Debug|iPhoneSimulator
		Debug|x64 = Debug|x64
		Debug|x86 = Debug|x86
		Release|Any CPU = Release|Any CPU
		Release|ARM = Release|ARM
		Release|ARM64 = Release|ARM64
		Release|iPhone = Release|iPhone
		Release|iPhoneSimulator = Release|iPhoneSimulator
		Release|x64 = Release|x64
		Release|x86 = Release|x86
	EndGlobalSection
	GlobalSection(ProjectConfigurationPlatforms) = postSolution
		{E3EF47ED-1DE6-46B6-8B83-0BBACC87126B}.Ad-Hoc|Any CPU.ActiveCfg = Debug|Any CPU
		{E3EF47ED-1DE6-46B6-8B83-0BBACC87126B}.Ad-Hoc|Any CPU.Build.0 = Debug|Any CPU
		{E3EF47ED-1DE6-46B6-8B83-0BBACC87126B}.Ad-Hoc|Any CPU.Deploy.0 = Debug|Any CPU
		{E3EF47ED-1DE6-46B6-8B83-0BBACC87126B}.Ad-Hoc|ARM.ActiveCfg = Debug|Any CPU
		{E3EF47ED-1DE6-46B6-8B83-0BBACC87126B}.Ad-Hoc|ARM.Build.0 = Debug|Any CPU
		{E3EF47ED-1DE6-46B6-8B83-0BBACC87126B}.Ad-Hoc|ARM.Deploy.0 = Debug|Any CPU
		{E3EF47ED-1DE6-46B6-8B83-0BBACC87126B}.Ad-Hoc|ARM64.ActiveCfg = Debug|Any CPU
		{E3EF47ED-1DE6-46B6-8B83-0BBACC87126B}.Ad-Hoc|ARM64.Build.0 = Debug|Any CPU
		{E3EF47ED-1DE6-46B6-8B83-0BBACC87126B}.Ad-Hoc|ARM64.Deploy.0 = Debug|Any CPU
		{E3EF47ED-1DE6-46B6-8B83-0BBACC87126B}.Ad-Hoc|iPhone.ActiveCfg = Debug|Any CPU
		{E3EF47ED-1DE6-46B6-8B83-0BBACC87126B}.Ad-Hoc|iPhone.Build.0 = Debug|Any CPU
		{E3EF47ED-1DE6-46B6-8B83-0BBACC87126B}.Ad-Hoc|iPhone.Deploy.0 = Debug|Any CPU
		{E3EF47ED-1DE6-46B6-8B83-0BBACC87126B}.Ad-Hoc|iPhoneSimulator.ActiveCfg = Debug|Any CPU
		{E3EF47ED-1DE6-46B6-8B83-0BBACC87126B}.Ad-Hoc|iPhoneSimulator.Build.0 = Debug|Any CPU
		{E3EF47ED-1DE6-46B6-8B83-0BBACC87126B}.Ad-Hoc|iPhoneSimulator.Deploy.0 = Debug|Any CPU
		{E3EF47ED-1DE6-46B6-8B83-0BBACC87126B}.Ad-Hoc|x64.ActiveCfg = Debug|Any CPU
		{E3EF47ED-1DE6-46B6-8B83-0BBACC87126B}.Ad-Hoc|x64.Build.0 = Debug|Any CPU
		{E3EF47ED-1DE6-46B6-8B83-0BBACC87126B}.Ad-Hoc|x64.Deploy.0 = Debug|Any CPU
		{E3EF47ED-1DE6-46B6-8B83-0BBACC87126B}.Ad-Hoc|x86.ActiveCfg = Debug|Any CPU
		{E3EF47ED-1DE6-46B6-8B83-0BBACC87126B}.Ad-Hoc|x86.Build.0 = Debug|Any CPU
		{E3EF47ED-1DE6-46B6-8B83-0BBACC87126B}.Ad-Hoc|x86.Deploy.0 = Debug|Any CPU
		{E3EF47ED-1DE6-46B6-8B83-0BBACC87126B}.AppStore|Any CPU.ActiveCfg = Debug|Any CPU
		{E3EF47ED-1DE6-46B6-8B83-0BBACC87126B}.AppStore|Any CPU.Build.0 = Debug|Any CPU
		{E3EF47ED-1DE6-46B6-8B83-0BBACC87126B}.AppStore|Any CPU.Deploy.0 = Debug|Any CPU
		{E3EF47ED-1DE6-46B6-8B83-0BBACC87126B}.AppStore|ARM.ActiveCfg = Debug|Any CPU
		{E3EF47ED-1DE6-46B6-8B83-0BBACC87126B}.AppStore|ARM.Build.0 = Debug|Any CPU
		{E3EF47ED-1DE6-46B6-8B83-0BBACC87126B}.AppStore|ARM.Deploy.0 = Debug|Any CPU
		{E3EF47ED-1DE6-46B6-8B83-0BBACC87126B}.AppStore|ARM64.ActiveCfg = Debug|Any CPU
		{E3EF47ED-1DE6-46B6-8B83-0BBACC87126B}.AppStore|ARM64.Build.0 = Debug|Any CPU
		{E3EF47ED-1DE6-46B6-8B83-0BBACC87126B}.AppStore|ARM64.Deploy.0 = Debug|Any CPU
		{E3EF47ED-1DE6-46B6-8B83-0BBACC87126B}.AppStore|iPhone.ActiveCfg = Debug|Any CPU
		{E3EF47ED-1DE6-46B6-8B83-0BBACC87126B}.AppStore|iPhone.Build.0 = Debug|Any CPU
		{E3EF47ED-1DE6-46B6-8B83-0BBACC87126B}.AppStore|iPhone.Deploy.0 = Debug|Any CPU
		{E3EF47ED-1DE6-46B6-8B83-0BBACC87126B}.AppStore|iPhoneSimulator.ActiveCfg = Debug|Any CPU
		{E3EF47ED-1DE6-46B6-8B83-0BBACC87126B}.AppStore|iPhoneSimulator.Build.0 = Debug|Any CPU
		{E3EF47ED-1DE6-46B6-8B83-0BBACC87126B}.AppStore|iPhoneSimulator.Deploy.0 = Debug|Any CPU
		{E3EF47ED-1DE6-46B6-8B83-0BBACC87126B}.AppStore|x64.ActiveCfg = Debug|Any CPU
		{E3EF47ED-1DE6-46B6-8B83-0BBACC87126B}.AppStore|x64.Build.0 = Debug|Any CPU
		{E3EF47ED-1DE6-46B6-8B83-0BBACC87126B}.AppStore|x64.Deploy.0 = Debug|Any CPU
		{E3EF47ED-1DE6-46B6-8B83-0BBACC87126B}.AppStore|x86.ActiveCfg = Debug|Any CPU
		{E3EF47ED-1DE6-46B6-8B83-0BBACC87126B}.AppStore|x86.Build.0 = Debug|Any CPU
		{E3EF47ED-1DE6-46B6-8B83-0BBACC87126B}.AppStore|x86.Deploy.0 = Debug|Any CPU
		{E3EF47ED-1DE6-46B6-8B83-0BBACC87126B}.Debug|Any CPU.ActiveCfg = Debug|Any CPU
		{E3EF47ED-1DE6-46B6-8B83-0BBACC87126B}.Debug|Any CPU.Build.0 = Debug|Any CPU
		{E3EF47ED-1DE6-46B6-8B83-0BBACC87126B}.Debug|Any CPU.Deploy.0 = Debug|Any CPU
		{E3EF47ED-1DE6-46B6-8B83-0BBACC87126B}.Debug|ARM.ActiveCfg = Debug|Any CPU
		{E3EF47ED-1DE6-46B6-8B83-0BBACC87126B}.Debug|ARM.Build.0 = Debug|Any CPU
		{E3EF47ED-1DE6-46B6-8B83-0BBACC87126B}.Debug|ARM.Deploy.0 = Debug|Any CPU
		{E3EF47ED-1DE6-46B6-8B83-0BBACC87126B}.Debug|ARM64.ActiveCfg = Debug|Any CPU
		{E3EF47ED-1DE6-46B6-8B83-0BBACC87126B}.Debug|ARM64.Build.0 = Debug|Any CPU
		{E3EF47ED-1DE6-46B6-8B83-0BBACC87126B}.Debug|ARM64.Deploy.0 = Debug|Any CPU
		{E3EF47ED-1DE6-46B6-8B83-0BBACC87126B}.Debug|iPhone.ActiveCfg = Debug|Any CPU
		{E3EF47ED-1DE6-46B6-8B83-0BBACC87126B}.Debug|iPhone.Build.0 = Debug|Any CPU
		{E3EF47ED-1DE6-46B6-8B83-0BBACC87126B}.Debug|iPhone.Deploy.0 = Debug|Any CPU
		{E3EF47ED-1DE6-46B6-8B83-0BBACC87126B}.Debug|iPhoneSimulator.ActiveCfg = Debug|Any CPU
		{E3EF47ED-1DE6-46B6-8B83-0BBACC87126B}.Debug|iPhoneSimulator.Build.0 = Debug|Any CPU
		{E3EF47ED-1DE6-46B6-8B83-0BBACC87126B}.Debug|iPhoneSimulator.Deploy.0 = Debug|Any CPU
		{E3EF47ED-1DE6-46B6-8B83-0BBACC87126B}.Debug|x64.ActiveCfg = Debug|Any CPU
		{E3EF47ED-1DE6-46B6-8B83-0BBACC87126B}.Debug|x64.Build.0 = Debug|Any CPU
		{E3EF47ED-1DE6-46B6-8B83-0BBACC87126B}.Debug|x64.Deploy.0 = Debug|Any CPU
		{E3EF47ED-1DE6-46B6-8B83-0BBACC87126B}.Debug|x86.ActiveCfg = Debug|Any CPU
		{E3EF47ED-1DE6-46B6-8B83-0BBACC87126B}.Debug|x86.Build.0 = Debug|Any CPU
		{E3EF47ED-1DE6-46B6-8B83-0BBACC87126B}.Debug|x86.Deploy.0 = Debug|Any CPU
		{E3EF47ED-1DE6-46B6-8B83-0BBACC87126B}.Release|Any CPU.ActiveCfg = Release|Any CPU
		{E3EF47ED-1DE6-46B6-8B83-0BBACC87126B}.Release|Any CPU.Build.0 = Release|Any CPU
		{E3EF47ED-1DE6-46B6-8B83-0BBACC87126B}.Release|Any CPU.Deploy.0 = Release|Any CPU
		{E3EF47ED-1DE6-46B6-8B83-0BBACC87126B}.Release|ARM.ActiveCfg = Release|Any CPU
		{E3EF47ED-1DE6-46B6-8B83-0BBACC87126B}.Release|ARM.Build.0 = Release|Any CPU
		{E3EF47ED-1DE6-46B6-8B83-0BBACC87126B}.Release|ARM.Deploy.0 = Release|Any CPU
		{E3EF47ED-1DE6-46B6-8B83-0BBACC87126B}.Release|ARM64.ActiveCfg = Release|Any CPU
		{E3EF47ED-1DE6-46B6-8B83-0BBACC87126B}.Release|ARM64.Build.0 = Release|Any CPU
		{E3EF47ED-1DE6-46B6-8B83-0BBACC87126B}.Release|ARM64.Deploy.0 = Release|Any CPU
		{E3EF47ED-1DE6-46B6-8B83-0BBACC87126B}.Release|iPhone.ActiveCfg = Release|Any CPU
		{E3EF47ED-1DE6-46B6-8B83-0BBACC87126B}.Release|iPhone.Build.0 = Release|Any CPU
		{E3EF47ED-1DE6-46B6-8B83-0BBACC87126B}.Release|iPhone.Deploy.0 = Release|Any CPU
		{E3EF47ED-1DE6-46B6-8B83-0BBACC87126B}.Release|iPhoneSimulator.ActiveCfg = Release|Any CPU
		{E3EF47ED-1DE6-46B6-8B83-0BBACC87126B}.Release|iPhoneSimulator.Build.0 = Release|Any CPU
		{E3EF47ED-1DE6-46B6-8B83-0BBACC87126B}.Release|iPhoneSimulator.Deploy.0 = Release|Any CPU
		{E3EF47ED-1DE6-46B6-8B83-0BBACC87126B}.Release|x64.ActiveCfg = Release|Any CPU
		{E3EF47ED-1DE6-46B6-8B83-0BBACC87126B}.Release|x64.Build.0 = Release|Any CPU
		{E3EF47ED-1DE6-46B6-8B83-0BBACC87126B}.Release|x64.Deploy.0 = Release|Any CPU
		{E3EF47ED-1DE6-46B6-8B83-0BBACC87126B}.Release|x86.ActiveCfg = Release|Any CPU
		{E3EF47ED-1DE6-46B6-8B83-0BBACC87126B}.Release|x86.Build.0 = Release|Any CPU
		{E3EF47ED-1DE6-46B6-8B83-0BBACC87126B}.Release|x86.Deploy.0 = Release|Any CPU
		{86FC60C8-C68D-439C-8B0E-D72B87D1288E}.Ad-Hoc|Any CPU.ActiveCfg = Ad-Hoc|iPhoneSimulator
		{86FC60C8-C68D-439C-8B0E-D72B87D1288E}.Ad-Hoc|ARM.ActiveCfg = Ad-Hoc|iPhoneSimulator
		{86FC60C8-C68D-439C-8B0E-D72B87D1288E}.Ad-Hoc|ARM64.ActiveCfg = Ad-Hoc|iPhoneSimulator
		{86FC60C8-C68D-439C-8B0E-D72B87D1288E}.Ad-Hoc|iPhone.ActiveCfg = Ad-Hoc|iPhone
		{86FC60C8-C68D-439C-8B0E-D72B87D1288E}.Ad-Hoc|iPhone.Build.0 = Ad-Hoc|iPhone
		{86FC60C8-C68D-439C-8B0E-D72B87D1288E}.Ad-Hoc|iPhoneSimulator.ActiveCfg = Ad-Hoc|iPhoneSimulator
		{86FC60C8-C68D-439C-8B0E-D72B87D1288E}.Ad-Hoc|iPhoneSimulator.Build.0 = Ad-Hoc|iPhoneSimulator
		{86FC60C8-C68D-439C-8B0E-D72B87D1288E}.Ad-Hoc|x64.ActiveCfg = Ad-Hoc|iPhoneSimulator
		{86FC60C8-C68D-439C-8B0E-D72B87D1288E}.Ad-Hoc|x86.ActiveCfg = Ad-Hoc|iPhoneSimulator
		{86FC60C8-C68D-439C-8B0E-D72B87D1288E}.AppStore|Any CPU.ActiveCfg = AppStore|iPhoneSimulator
		{86FC60C8-C68D-439C-8B0E-D72B87D1288E}.AppStore|ARM.ActiveCfg = AppStore|iPhoneSimulator
		{86FC60C8-C68D-439C-8B0E-D72B87D1288E}.AppStore|ARM64.ActiveCfg = AppStore|iPhoneSimulator
		{86FC60C8-C68D-439C-8B0E-D72B87D1288E}.AppStore|iPhone.ActiveCfg = AppStore|iPhone
		{86FC60C8-C68D-439C-8B0E-D72B87D1288E}.AppStore|iPhone.Build.0 = AppStore|iPhone
		{86FC60C8-C68D-439C-8B0E-D72B87D1288E}.AppStore|iPhoneSimulator.ActiveCfg = AppStore|iPhoneSimulator
		{86FC60C8-C68D-439C-8B0E-D72B87D1288E}.AppStore|iPhoneSimulator.Build.0 = AppStore|iPhoneSimulator
		{86FC60C8-C68D-439C-8B0E-D72B87D1288E}.AppStore|x64.ActiveCfg = AppStore|iPhoneSimulator
		{86FC60C8-C68D-439C-8B0E-D72B87D1288E}.AppStore|x86.ActiveCfg = AppStore|iPhoneSimulator
		{86FC60C8-C68D-439C-8B0E-D72B87D1288E}.Debug|Any CPU.ActiveCfg = Debug|iPhoneSimulator
		{86FC60C8-C68D-439C-8B0E-D72B87D1288E}.Debug|ARM.ActiveCfg = Debug|iPhoneSimulator
		{86FC60C8-C68D-439C-8B0E-D72B87D1288E}.Debug|ARM64.ActiveCfg = Debug|iPhoneSimulator
		{86FC60C8-C68D-439C-8B0E-D72B87D1288E}.Debug|iPhone.ActiveCfg = Debug|iPhone
		{86FC60C8-C68D-439C-8B0E-D72B87D1288E}.Debug|iPhone.Build.0 = Debug|iPhone
		{86FC60C8-C68D-439C-8B0E-D72B87D1288E}.Debug|iPhoneSimulator.ActiveCfg = Debug|iPhoneSimulator
		{86FC60C8-C68D-439C-8B0E-D72B87D1288E}.Debug|iPhoneSimulator.Build.0 = Debug|iPhoneSimulator
		{86FC60C8-C68D-439C-8B0E-D72B87D1288E}.Debug|x64.ActiveCfg = Debug|iPhoneSimulator
		{86FC60C8-C68D-439C-8B0E-D72B87D1288E}.Debug|x86.ActiveCfg = Debug|iPhoneSimulator
		{86FC60C8-C68D-439C-8B0E-D72B87D1288E}.Release|Any CPU.ActiveCfg = Release|iPhoneSimulator
		{86FC60C8-C68D-439C-8B0E-D72B87D1288E}.Release|ARM.ActiveCfg = Release|iPhoneSimulator
		{86FC60C8-C68D-439C-8B0E-D72B87D1288E}.Release|ARM64.ActiveCfg = Release|iPhoneSimulator
		{86FC60C8-C68D-439C-8B0E-D72B87D1288E}.Release|iPhone.ActiveCfg = Release|iPhone
		{86FC60C8-C68D-439C-8B0E-D72B87D1288E}.Release|iPhone.Build.0 = Release|iPhone
		{86FC60C8-C68D-439C-8B0E-D72B87D1288E}.Release|iPhoneSimulator.ActiveCfg = Release|iPhoneSimulator
		{86FC60C8-C68D-439C-8B0E-D72B87D1288E}.Release|iPhoneSimulator.Build.0 = Release|iPhoneSimulator
		{86FC60C8-C68D-439C-8B0E-D72B87D1288E}.Release|x64.ActiveCfg = Release|iPhoneSimulator
		{86FC60C8-C68D-439C-8B0E-D72B87D1288E}.Release|x86.ActiveCfg = Release|iPhoneSimulator
		{08F7FD0C-40BA-4AF7-AD3B-79B7DFCE16D1}.Ad-Hoc|Any CPU.ActiveCfg = Debug|x86
		{08F7FD0C-40BA-4AF7-AD3B-79B7DFCE16D1}.Ad-Hoc|Any CPU.Build.0 = Debug|x86
		{08F7FD0C-40BA-4AF7-AD3B-79B7DFCE16D1}.Ad-Hoc|Any CPU.Deploy.0 = Debug|x86
		{08F7FD0C-40BA-4AF7-AD3B-79B7DFCE16D1}.Ad-Hoc|ARM.ActiveCfg = Debug|ARM
		{08F7FD0C-40BA-4AF7-AD3B-79B7DFCE16D1}.Ad-Hoc|ARM.Build.0 = Debug|ARM
		{08F7FD0C-40BA-4AF7-AD3B-79B7DFCE16D1}.Ad-Hoc|ARM.Deploy.0 = Debug|ARM
		{08F7FD0C-40BA-4AF7-AD3B-79B7DFCE16D1}.Ad-Hoc|ARM64.ActiveCfg = Debug|ARM64
		{08F7FD0C-40BA-4AF7-AD3B-79B7DFCE16D1}.Ad-Hoc|ARM64.Build.0 = Debug|ARM64
		{08F7FD0C-40BA-4AF7-AD3B-79B7DFCE16D1}.Ad-Hoc|ARM64.Deploy.0 = Debug|ARM64
		{08F7FD0C-40BA-4AF7-AD3B-79B7DFCE16D1}.Ad-Hoc|iPhone.ActiveCfg = Debug|x86
		{08F7FD0C-40BA-4AF7-AD3B-79B7DFCE16D1}.Ad-Hoc|iPhone.Build.0 = Debug|x86
		{08F7FD0C-40BA-4AF7-AD3B-79B7DFCE16D1}.Ad-Hoc|iPhone.Deploy.0 = Debug|x86
		{08F7FD0C-40BA-4AF7-AD3B-79B7DFCE16D1}.Ad-Hoc|iPhoneSimulator.ActiveCfg = Debug|x86
		{08F7FD0C-40BA-4AF7-AD3B-79B7DFCE16D1}.Ad-Hoc|iPhoneSimulator.Build.0 = Debug|x86
		{08F7FD0C-40BA-4AF7-AD3B-79B7DFCE16D1}.Ad-Hoc|iPhoneSimulator.Deploy.0 = Debug|x86
		{08F7FD0C-40BA-4AF7-AD3B-79B7DFCE16D1}.Ad-Hoc|x64.ActiveCfg = Debug|x64
		{08F7FD0C-40BA-4AF7-AD3B-79B7DFCE16D1}.Ad-Hoc|x64.Build.0 = Debug|x64
		{08F7FD0C-40BA-4AF7-AD3B-79B7DFCE16D1}.Ad-Hoc|x64.Deploy.0 = Debug|x64
		{08F7FD0C-40BA-4AF7-AD3B-79B7DFCE16D1}.Ad-Hoc|x86.ActiveCfg = Debug|x86
		{08F7FD0C-40BA-4AF7-AD3B-79B7DFCE16D1}.Ad-Hoc|x86.Build.0 = Debug|x86
		{08F7FD0C-40BA-4AF7-AD3B-79B7DFCE16D1}.Ad-Hoc|x86.Deploy.0 = Debug|x86
		{08F7FD0C-40BA-4AF7-AD3B-79B7DFCE16D1}.AppStore|Any CPU.ActiveCfg = Debug|x86
		{08F7FD0C-40BA-4AF7-AD3B-79B7DFCE16D1}.AppStore|Any CPU.Build.0 = Debug|x86
		{08F7FD0C-40BA-4AF7-AD3B-79B7DFCE16D1}.AppStore|Any CPU.Deploy.0 = Debug|x86
		{08F7FD0C-40BA-4AF7-AD3B-79B7DFCE16D1}.AppStore|ARM.ActiveCfg = Debug|ARM
		{08F7FD0C-40BA-4AF7-AD3B-79B7DFCE16D1}.AppStore|ARM.Build.0 = Debug|ARM
		{08F7FD0C-40BA-4AF7-AD3B-79B7DFCE16D1}.AppStore|ARM.Deploy.0 = Debug|ARM
		{08F7FD0C-40BA-4AF7-AD3B-79B7DFCE16D1}.AppStore|ARM64.ActiveCfg = Debug|ARM64
		{08F7FD0C-40BA-4AF7-AD3B-79B7DFCE16D1}.AppStore|ARM64.Build.0 = Debug|ARM64
		{08F7FD0C-40BA-4AF7-AD3B-79B7DFCE16D1}.AppStore|ARM64.Deploy.0 = Debug|ARM64
		{08F7FD0C-40BA-4AF7-AD3B-79B7DFCE16D1}.AppStore|iPhone.ActiveCfg = Debug|x86
		{08F7FD0C-40BA-4AF7-AD3B-79B7DFCE16D1}.AppStore|iPhone.Build.0 = Debug|x86
		{08F7FD0C-40BA-4AF7-AD3B-79B7DFCE16D1}.AppStore|iPhone.Deploy.0 = Debug|x86
		{08F7FD0C-40BA-4AF7-AD3B-79B7DFCE16D1}.AppStore|iPhoneSimulator.ActiveCfg = Debug|x86
		{08F7FD0C-40BA-4AF7-AD3B-79B7DFCE16D1}.AppStore|iPhoneSimulator.Build.0 = Debug|x86
		{08F7FD0C-40BA-4AF7-AD3B-79B7DFCE16D1}.AppStore|iPhoneSimulator.Deploy.0 = Debug|x86
		{08F7FD0C-40BA-4AF7-AD3B-79B7DFCE16D1}.AppStore|x64.ActiveCfg = Debug|x64
		{08F7FD0C-40BA-4AF7-AD3B-79B7DFCE16D1}.AppStore|x64.Build.0 = Debug|x64
		{08F7FD0C-40BA-4AF7-AD3B-79B7DFCE16D1}.AppStore|x64.Deploy.0 = Debug|x64
		{08F7FD0C-40BA-4AF7-AD3B-79B7DFCE16D1}.AppStore|x86.ActiveCfg = Debug|x86
		{08F7FD0C-40BA-4AF7-AD3B-79B7DFCE16D1}.AppStore|x86.Build.0 = Debug|x86
		{08F7FD0C-40BA-4AF7-AD3B-79B7DFCE16D1}.AppStore|x86.Deploy.0 = Debug|x86
		{08F7FD0C-40BA-4AF7-AD3B-79B7DFCE16D1}.Debug|Any CPU.ActiveCfg = Debug|x86
		{08F7FD0C-40BA-4AF7-AD3B-79B7DFCE16D1}.Debug|Any CPU.Build.0 = Debug|x86
		{08F7FD0C-40BA-4AF7-AD3B-79B7DFCE16D1}.Debug|Any CPU.Deploy.0 = Debug|x86
		{08F7FD0C-40BA-4AF7-AD3B-79B7DFCE16D1}.Debug|ARM.ActiveCfg = Debug|ARM
		{08F7FD0C-40BA-4AF7-AD3B-79B7DFCE16D1}.Debug|ARM.Build.0 = Debug|ARM
		{08F7FD0C-40BA-4AF7-AD3B-79B7DFCE16D1}.Debug|ARM.Deploy.0 = Debug|ARM
		{08F7FD0C-40BA-4AF7-AD3B-79B7DFCE16D1}.Debug|ARM64.ActiveCfg = Debug|ARM64
		{08F7FD0C-40BA-4AF7-AD3B-79B7DFCE16D1}.Debug|ARM64.Build.0 = Debug|ARM64
		{08F7FD0C-40BA-4AF7-AD3B-79B7DFCE16D1}.Debug|ARM64.Deploy.0 = Debug|ARM64
		{08F7FD0C-40BA-4AF7-AD3B-79B7DFCE16D1}.Debug|iPhone.ActiveCfg = Debug|x86
		{08F7FD0C-40BA-4AF7-AD3B-79B7DFCE16D1}.Debug|iPhoneSimulator.ActiveCfg = Debug|x86
		{08F7FD0C-40BA-4AF7-AD3B-79B7DFCE16D1}.Debug|x64.ActiveCfg = Debug|x64
		{08F7FD0C-40BA-4AF7-AD3B-79B7DFCE16D1}.Debug|x64.Build.0 = Debug|x64
		{08F7FD0C-40BA-4AF7-AD3B-79B7DFCE16D1}.Debug|x64.Deploy.0 = Debug|x64
		{08F7FD0C-40BA-4AF7-AD3B-79B7DFCE16D1}.Debug|x86.ActiveCfg = Debug|x86
		{08F7FD0C-40BA-4AF7-AD3B-79B7DFCE16D1}.Debug|x86.Build.0 = Debug|x86
		{08F7FD0C-40BA-4AF7-AD3B-79B7DFCE16D1}.Debug|x86.Deploy.0 = Debug|x86
		{08F7FD0C-40BA-4AF7-AD3B-79B7DFCE16D1}.Release|Any CPU.ActiveCfg = Release|x86
		{08F7FD0C-40BA-4AF7-AD3B-79B7DFCE16D1}.Release|ARM.ActiveCfg = Release|ARM
		{08F7FD0C-40BA-4AF7-AD3B-79B7DFCE16D1}.Release|ARM.Build.0 = Release|ARM
		{08F7FD0C-40BA-4AF7-AD3B-79B7DFCE16D1}.Release|ARM.Deploy.0 = Release|ARM
		{08F7FD0C-40BA-4AF7-AD3B-79B7DFCE16D1}.Release|ARM64.ActiveCfg = Release|ARM64
		{08F7FD0C-40BA-4AF7-AD3B-79B7DFCE16D1}.Release|ARM64.Build.0 = Release|ARM64
		{08F7FD0C-40BA-4AF7-AD3B-79B7DFCE16D1}.Release|ARM64.Deploy.0 = Release|ARM64
		{08F7FD0C-40BA-4AF7-AD3B-79B7DFCE16D1}.Release|iPhone.ActiveCfg = Release|x86
		{08F7FD0C-40BA-4AF7-AD3B-79B7DFCE16D1}.Release|iPhoneSimulator.ActiveCfg = Release|x86
		{08F7FD0C-40BA-4AF7-AD3B-79B7DFCE16D1}.Release|x64.ActiveCfg = Release|x64
		{08F7FD0C-40BA-4AF7-AD3B-79B7DFCE16D1}.Release|x64.Build.0 = Release|x64
		{08F7FD0C-40BA-4AF7-AD3B-79B7DFCE16D1}.Release|x64.Deploy.0 = Release|x64
		{08F7FD0C-40BA-4AF7-AD3B-79B7DFCE16D1}.Release|x86.ActiveCfg = Release|x86
		{08F7FD0C-40BA-4AF7-AD3B-79B7DFCE16D1}.Release|x86.Build.0 = Release|x86
		{08F7FD0C-40BA-4AF7-AD3B-79B7DFCE16D1}.Release|x86.Deploy.0 = Release|x86
		{18609AF7-82C5-497D-9885-E7AA53532AE5}.Ad-Hoc|Any CPU.ActiveCfg = Debug|Any CPU
		{18609AF7-82C5-497D-9885-E7AA53532AE5}.Ad-Hoc|Any CPU.Build.0 = Debug|Any CPU
		{18609AF7-82C5-497D-9885-E7AA53532AE5}.Ad-Hoc|ARM.ActiveCfg = Debug|Any CPU
		{18609AF7-82C5-497D-9885-E7AA53532AE5}.Ad-Hoc|ARM.Build.0 = Debug|Any CPU
		{18609AF7-82C5-497D-9885-E7AA53532AE5}.Ad-Hoc|ARM64.ActiveCfg = Debug|Any CPU
		{18609AF7-82C5-497D-9885-E7AA53532AE5}.Ad-Hoc|ARM64.Build.0 = Debug|Any CPU
		{18609AF7-82C5-497D-9885-E7AA53532AE5}.Ad-Hoc|iPhone.ActiveCfg = Debug|Any CPU
		{18609AF7-82C5-497D-9885-E7AA53532AE5}.Ad-Hoc|iPhone.Build.0 = Debug|Any CPU
		{18609AF7-82C5-497D-9885-E7AA53532AE5}.Ad-Hoc|iPhoneSimulator.ActiveCfg = Debug|Any CPU
		{18609AF7-82C5-497D-9885-E7AA53532AE5}.Ad-Hoc|iPhoneSimulator.Build.0 = Debug|Any CPU
		{18609AF7-82C5-497D-9885-E7AA53532AE5}.Ad-Hoc|x64.ActiveCfg = Debug|Any CPU
		{18609AF7-82C5-497D-9885-E7AA53532AE5}.Ad-Hoc|x64.Build.0 = Debug|Any CPU
		{18609AF7-82C5-497D-9885-E7AA53532AE5}.Ad-Hoc|x86.ActiveCfg = Debug|Any CPU
		{18609AF7-82C5-497D-9885-E7AA53532AE5}.Ad-Hoc|x86.Build.0 = Debug|Any CPU
		{18609AF7-82C5-497D-9885-E7AA53532AE5}.AppStore|Any CPU.ActiveCfg = Debug|Any CPU
		{18609AF7-82C5-497D-9885-E7AA53532AE5}.AppStore|Any CPU.Build.0 = Debug|Any CPU
		{18609AF7-82C5-497D-9885-E7AA53532AE5}.AppStore|ARM.ActiveCfg = Debug|Any CPU
		{18609AF7-82C5-497D-9885-E7AA53532AE5}.AppStore|ARM.Build.0 = Debug|Any CPU
		{18609AF7-82C5-497D-9885-E7AA53532AE5}.AppStore|ARM64.ActiveCfg = Debug|Any CPU
		{18609AF7-82C5-497D-9885-E7AA53532AE5}.AppStore|ARM64.Build.0 = Debug|Any CPU
		{18609AF7-82C5-497D-9885-E7AA53532AE5}.AppStore|iPhone.ActiveCfg = Debug|Any CPU
		{18609AF7-82C5-497D-9885-E7AA53532AE5}.AppStore|iPhone.Build.0 = Debug|Any CPU
		{18609AF7-82C5-497D-9885-E7AA53532AE5}.AppStore|iPhoneSimulator.ActiveCfg = Debug|Any CPU
		{18609AF7-82C5-497D-9885-E7AA53532AE5}.AppStore|iPhoneSimulator.Build.0 = Debug|Any CPU
		{18609AF7-82C5-497D-9885-E7AA53532AE5}.AppStore|x64.ActiveCfg = Debug|Any CPU
		{18609AF7-82C5-497D-9885-E7AA53532AE5}.AppStore|x64.Build.0 = Debug|Any CPU
		{18609AF7-82C5-497D-9885-E7AA53532AE5}.AppStore|x86.ActiveCfg = Debug|Any CPU
		{18609AF7-82C5-497D-9885-E7AA53532AE5}.AppStore|x86.Build.0 = Debug|Any CPU
		{18609AF7-82C5-497D-9885-E7AA53532AE5}.Debug|Any CPU.ActiveCfg = Debug|Any CPU
		{18609AF7-82C5-497D-9885-E7AA53532AE5}.Debug|Any CPU.Build.0 = Debug|Any CPU
		{18609AF7-82C5-497D-9885-E7AA53532AE5}.Debug|ARM.ActiveCfg = Debug|Any CPU
		{18609AF7-82C5-497D-9885-E7AA53532AE5}.Debug|ARM.Build.0 = Debug|Any CPU
		{18609AF7-82C5-497D-9885-E7AA53532AE5}.Debug|ARM64.ActiveCfg = Debug|Any CPU
		{18609AF7-82C5-497D-9885-E7AA53532AE5}.Debug|ARM64.Build.0 = Debug|Any CPU
		{18609AF7-82C5-497D-9885-E7AA53532AE5}.Debug|iPhone.ActiveCfg = Debug|Any CPU
		{18609AF7-82C5-497D-9885-E7AA53532AE5}.Debug|iPhone.Build.0 = Debug|Any CPU
		{18609AF7-82C5-497D-9885-E7AA53532AE5}.Debug|iPhoneSimulator.ActiveCfg = Debug|Any CPU
		{18609AF7-82C5-497D-9885-E7AA53532AE5}.Debug|iPhoneSimulator.Build.0 = Debug|Any CPU
		{18609AF7-82C5-497D-9885-E7AA53532AE5}.Debug|x64.ActiveCfg = Debug|Any CPU
		{18609AF7-82C5-497D-9885-E7AA53532AE5}.Debug|x64.Build.0 = Debug|Any CPU
		{18609AF7-82C5-497D-9885-E7AA53532AE5}.Debug|x86.ActiveCfg = Debug|Any CPU
		{18609AF7-82C5-497D-9885-E7AA53532AE5}.Debug|x86.Build.0 = Debug|Any CPU
		{18609AF7-82C5-497D-9885-E7AA53532AE5}.Release|Any CPU.ActiveCfg = Release|Any CPU
		{18609AF7-82C5-497D-9885-E7AA53532AE5}.Release|Any CPU.Build.0 = Release|Any CPU
		{18609AF7-82C5-497D-9885-E7AA53532AE5}.Release|ARM.ActiveCfg = Release|Any CPU
		{18609AF7-82C5-497D-9885-E7AA53532AE5}.Release|ARM.Build.0 = Release|Any CPU
		{18609AF7-82C5-497D-9885-E7AA53532AE5}.Release|ARM64.ActiveCfg = Release|Any CPU
		{18609AF7-82C5-497D-9885-E7AA53532AE5}.Release|ARM64.Build.0 = Release|Any CPU
		{18609AF7-82C5-497D-9885-E7AA53532AE5}.Release|iPhone.ActiveCfg = Release|Any CPU
		{18609AF7-82C5-497D-9885-E7AA53532AE5}.Release|iPhone.Build.0 = Release|Any CPU
		{18609AF7-82C5-497D-9885-E7AA53532AE5}.Release|iPhoneSimulator.ActiveCfg = Release|Any CPU
		{18609AF7-82C5-497D-9885-E7AA53532AE5}.Release|iPhoneSimulator.Build.0 = Release|Any CPU
		{18609AF7-82C5-497D-9885-E7AA53532AE5}.Release|x64.ActiveCfg = Release|Any CPU
		{18609AF7-82C5-497D-9885-E7AA53532AE5}.Release|x64.Build.0 = Release|Any CPU
		{18609AF7-82C5-497D-9885-E7AA53532AE5}.Release|x86.ActiveCfg = Release|Any CPU
		{18609AF7-82C5-497D-9885-E7AA53532AE5}.Release|x86.Build.0 = Release|Any CPU
		{069E421D-1F56-47AD-B37E-883A809120D5}.Ad-Hoc|Any CPU.ActiveCfg = Debug|iPhoneSimulator
		{069E421D-1F56-47AD-B37E-883A809120D5}.Ad-Hoc|Any CPU.Build.0 = Debug|iPhoneSimulator
		{069E421D-1F56-47AD-B37E-883A809120D5}.Ad-Hoc|ARM.ActiveCfg = Debug|iPhoneSimulator
		{069E421D-1F56-47AD-B37E-883A809120D5}.Ad-Hoc|ARM.Build.0 = Debug|iPhoneSimulator
		{069E421D-1F56-47AD-B37E-883A809120D5}.Ad-Hoc|ARM64.ActiveCfg = Debug|iPhoneSimulator
		{069E421D-1F56-47AD-B37E-883A809120D5}.Ad-Hoc|ARM64.Build.0 = Debug|iPhoneSimulator
		{069E421D-1F56-47AD-B37E-883A809120D5}.Ad-Hoc|iPhone.ActiveCfg = Debug|iPhoneSimulator
		{069E421D-1F56-47AD-B37E-883A809120D5}.Ad-Hoc|iPhone.Build.0 = Debug|iPhoneSimulator
		{069E421D-1F56-47AD-B37E-883A809120D5}.Ad-Hoc|iPhoneSimulator.ActiveCfg = Debug|iPhoneSimulator
		{069E421D-1F56-47AD-B37E-883A809120D5}.Ad-Hoc|iPhoneSimulator.Build.0 = Debug|iPhoneSimulator
		{069E421D-1F56-47AD-B37E-883A809120D5}.Ad-Hoc|x64.ActiveCfg = Debug|iPhoneSimulator
		{069E421D-1F56-47AD-B37E-883A809120D5}.Ad-Hoc|x64.Build.0 = Debug|iPhoneSimulator
		{069E421D-1F56-47AD-B37E-883A809120D5}.Ad-Hoc|x86.ActiveCfg = Debug|iPhoneSimulator
		{069E421D-1F56-47AD-B37E-883A809120D5}.Ad-Hoc|x86.Build.0 = Debug|iPhoneSimulator
		{069E421D-1F56-47AD-B37E-883A809120D5}.AppStore|Any CPU.ActiveCfg = Debug|iPhoneSimulator
		{069E421D-1F56-47AD-B37E-883A809120D5}.AppStore|Any CPU.Build.0 = Debug|iPhoneSimulator
		{069E421D-1F56-47AD-B37E-883A809120D5}.AppStore|ARM.ActiveCfg = Debug|iPhoneSimulator
		{069E421D-1F56-47AD-B37E-883A809120D5}.AppStore|ARM.Build.0 = Debug|iPhoneSimulator
		{069E421D-1F56-47AD-B37E-883A809120D5}.AppStore|ARM64.ActiveCfg = Debug|iPhoneSimulator
		{069E421D-1F56-47AD-B37E-883A809120D5}.AppStore|ARM64.Build.0 = Debug|iPhoneSimulator
		{069E421D-1F56-47AD-B37E-883A809120D5}.AppStore|iPhone.ActiveCfg = Debug|iPhoneSimulator
		{069E421D-1F56-47AD-B37E-883A809120D5}.AppStore|iPhone.Build.0 = Debug|iPhoneSimulator
		{069E421D-1F56-47AD-B37E-883A809120D5}.AppStore|iPhoneSimulator.ActiveCfg = Debug|iPhoneSimulator
		{069E421D-1F56-47AD-B37E-883A809120D5}.AppStore|iPhoneSimulator.Build.0 = Debug|iPhoneSimulator
		{069E421D-1F56-47AD-B37E-883A809120D5}.AppStore|x64.ActiveCfg = Debug|iPhoneSimulator
		{069E421D-1F56-47AD-B37E-883A809120D5}.AppStore|x64.Build.0 = Debug|iPhoneSimulator
		{069E421D-1F56-47AD-B37E-883A809120D5}.AppStore|x86.ActiveCfg = Debug|iPhoneSimulator
		{069E421D-1F56-47AD-B37E-883A809120D5}.AppStore|x86.Build.0 = Debug|iPhoneSimulator
		{069E421D-1F56-47AD-B37E-883A809120D5}.Debug|Any CPU.ActiveCfg = Debug|iPhoneSimulator
		{069E421D-1F56-47AD-B37E-883A809120D5}.Debug|ARM.ActiveCfg = Debug|iPhoneSimulator
		{069E421D-1F56-47AD-B37E-883A809120D5}.Debug|ARM64.ActiveCfg = Debug|iPhoneSimulator
		{069E421D-1F56-47AD-B37E-883A809120D5}.Debug|iPhone.ActiveCfg = Debug|iPhoneSimulator
		{069E421D-1F56-47AD-B37E-883A809120D5}.Debug|iPhoneSimulator.ActiveCfg = Debug|iPhoneSimulator
		{069E421D-1F56-47AD-B37E-883A809120D5}.Debug|iPhoneSimulator.Build.0 = Debug|iPhoneSimulator
		{069E421D-1F56-47AD-B37E-883A809120D5}.Debug|x64.ActiveCfg = Debug|iPhoneSimulator
		{069E421D-1F56-47AD-B37E-883A809120D5}.Debug|x86.ActiveCfg = Debug|iPhoneSimulator
		{069E421D-1F56-47AD-B37E-883A809120D5}.Release|Any CPU.ActiveCfg = Release|iPhoneSimulator
		{069E421D-1F56-47AD-B37E-883A809120D5}.Release|ARM.ActiveCfg = Release|iPhoneSimulator
		{069E421D-1F56-47AD-B37E-883A809120D5}.Release|ARM64.ActiveCfg = Release|iPhoneSimulator
		{069E421D-1F56-47AD-B37E-883A809120D5}.Release|iPhone.ActiveCfg = Release|iPhoneSimulator
		{069E421D-1F56-47AD-B37E-883A809120D5}.Release|iPhoneSimulator.ActiveCfg = Release|iPhoneSimulator
		{069E421D-1F56-47AD-B37E-883A809120D5}.Release|iPhoneSimulator.Build.0 = Release|iPhoneSimulator
		{069E421D-1F56-47AD-B37E-883A809120D5}.Release|x64.ActiveCfg = Release|iPhoneSimulator
		{069E421D-1F56-47AD-B37E-883A809120D5}.Release|x86.ActiveCfg = Release|iPhoneSimulator
	EndGlobalSection
	GlobalSection(SolutionProperties) = preSolution
		HideSolutionNode = FALSE
	EndGlobalSection
	GlobalSection(NestedProjects) = preSolution
		{E3EF47ED-1DE6-46B6-8B83-0BBACC87126B} = {4462FA2E-BAE5-453A-8D9D-F6D87BF7BE25}
		{86FC60C8-C68D-439C-8B0E-D72B87D1288E} = {4462FA2E-BAE5-453A-8D9D-F6D87BF7BE25}
		{08F7FD0C-40BA-4AF7-AD3B-79B7DFCE16D1} = {4462FA2E-BAE5-453A-8D9D-F6D87BF7BE25}
		{18609AF7-82C5-497D-9885-E7AA53532AE5} = {4462FA2E-BAE5-453A-8D9D-F6D87BF7BE25}
		{069E421D-1F56-47AD-B37E-883A809120D5} = {4462FA2E-BAE5-453A-8D9D-F6D87BF7BE25}
	EndGlobalSection
	GlobalSection(ExtensibilityGlobals) = postSolution
		SolutionGuid = {6651292D-ACFC-4329-BE88-BB62B539BE4F}
	EndGlobalSection
EndGlobal
